
Microsoft Visual Studio Solution File, Format Version 12.00
# Visual Studio Version 17
VisualStudioVersion = 17.13.35919.96 d17.13
MinimumVisualStudioVersion = 10.0.40219.1
Project("{FAE04EC0-301F-11D3-BF4B-00C04F79EFBC}") = "ui", "ui\ui.csproj", "{7599F150-AF88-4C08-A5C4-EA940D2DE235}"
EndProject
Global
	GlobalSection(SolutionConfigurationPlatforms) = preSolution
		Debug|Any CPU = Debug|Any CPU
		Release|Any CPU = Release|Any CPU
	EndGlobalSection
	GlobalSection(ProjectConfigurationPlatforms) = postSolution
		{7599F150-AF88-4C08-A5C4-EA940D2DE235}.Debug|Any CPU.ActiveCfg = Debug|Any CPU
		{7599F150-AF88-4C08-A5C4-EA940D2DE235}.Debug|Any CPU.Build.0 = Debug|Any CPU
		{7599F150-AF88-4C08-A5C4-EA940D2DE235}.Release|Any CPU.ActiveCfg = Release|Any CPU
		{7599F150-AF88-4C08-A5C4-EA940D2DE235}.Release|Any CPU.Build.0 = Release|Any CPU
	EndGlobalSection
	GlobalSection(SolutionProperties) = preSolution
		HideSolutionNode = FALSE
	EndGlobalSection
	GlobalSection(ExtensibilityGlobals) = postSolution
		SolutionGuid = {B87C8690-D699-4B87-9BE0-516BF5085102}
	EndGlobalSection
EndGlobal
